
Microsoft Visual Studio Solution File, Format Version 12.00
# Visual Studio Version 17
VisualStudioVersion = 17.9.34616.47
MinimumVisualStudioVersion = 10.0.40219.1
Project("{FAE04EC0-301F-11D3-BF4B-00C04F79EFBC}") = "Designway", "Designway.csproj", "{AA80B94E-79E4-4FDE-8859-68297379315C}"
EndProject
Global
	GlobalSection(SolutionConfigurationPlatforms) = preSolution
		Debug|Any CPU = Debug|Any CPU
		Release|Any CPU = Release|Any CPU
	EndGlobalSection
	GlobalSection(ProjectConfigurationPlatforms) = postSolution
		{AA80B94E-79E4-4FDE-8859-68297379315C}.Debug|Any CPU.ActiveCfg = Debug|Any CPU
		{AA80B94E-79E4-4FDE-8859-68297379315C}.Debug|Any CPU.Build.0 = Debug|Any CPU
		{AA80B94E-79E4-4FDE-8859-68297379315C}.Release|Any CPU.ActiveCfg = Release|Any CPU
		{AA80B94E-79E4-4FDE-8859-68297379315C}.Release|Any CPU.Build.0 = Release|Any CPU
	EndGlobalSection
	GlobalSection(SolutionProperties) = preSolution
		HideSolutionNode = FALSE
	EndGlobalSection
	GlobalSection(ExtensibilityGlobals) = postSolution
		SolutionGuid = {20EFF47E-4A70-489F-BE1B-07C142B912E4}
	EndGlobalSection
EndGlobal
